
Microsoft Visual Studio Solution File, Format Version 12.00
# Visual Studio Version 16
VisualStudioVersion = 16.0.30413.136
MinimumVisualStudioVersion = 10.0.40219.1
Project("{FAE04EC0-301F-11D3-BF4B-00C04F79EFBC}") = "Priklad2OOP", "Priklad2OOP\Priklad2OOP.csproj", "{2BF36780-B8ED-41DD-98E4-52F1F147073F}"
EndProject
Global
	GlobalSection(SolutionConfigurationPlatforms) = preSolution
		Debug|Any CPU = Debug|Any CPU
		Release|Any CPU = Release|Any CPU
	EndGlobalSection
	GlobalSection(ProjectConfigurationPlatforms) = postSolution
		{2BF36780-B8ED-41DD-98E4-52F1F147073F}.Debug|Any CPU.ActiveCfg = Debug|Any CPU
		{2BF36780-B8ED-41DD-98E4-52F1F147073F}.Debug|Any CPU.Build.0 = Debug|Any CPU
		{2BF36780-B8ED-41DD-98E4-52F1F147073F}.Release|Any CPU.ActiveCfg = Release|Any CPU
		{2BF36780-B8ED-41DD-98E4-52F1F147073F}.Release|Any CPU.Build.0 = Release|Any CPU
	EndGlobalSection
	GlobalSection(SolutionProperties) = preSolution
		HideSolutionNode = FALSE
	EndGlobalSection
	GlobalSection(ExtensibilityGlobals) = postSolution
		SolutionGuid = {91A306EC-0B50-4E3F-974C-DBC17E6BEDB4}
	EndGlobalSection
EndGlobal
